
Microsoft Visual Studio Solution File, Format Version 12.00
# Visual Studio Version 17
VisualStudioVersion = 17.4.33110.190
MinimumVisualStudioVersion = 10.0.40219.1
Project("{9A19103F-16F7-4668-BE54-9A1E7A4F7556}") = "Proiect", "Proiect.csproj", "{384CCE55-5AD0-4F31-8161-166B0350FAC6}"
EndProject
Global
	GlobalSection(SolutionConfigurationPlatforms) = preSolution
		Debug|Any CPU = Debug|Any CPU
		Release|Any CPU = Release|Any CPU
	EndGlobalSection
	GlobalSection(ProjectConfigurationPlatforms) = postSolution
		{384CCE55-5AD0-4F31-8161-166B0350FAC6}.Debug|Any CPU.ActiveCfg = Debug|Any CPU
		{384CCE55-5AD0-4F31-8161-166B0350FAC6}.Debug|Any CPU.Build.0 = Debug|Any CPU
		{384CCE55-5AD0-4F31-8161-166B0350FAC6}.Release|Any CPU.ActiveCfg = Release|Any CPU
		{384CCE55-5AD0-4F31-8161-166B0350FAC6}.Release|Any CPU.Build.0 = Release|Any CPU
	EndGlobalSection
	GlobalSection(SolutionProperties) = preSolution
		HideSolutionNode = FALSE
	EndGlobalSection
	GlobalSection(ExtensibilityGlobals) = postSolution
		SolutionGuid = {4B0741B1-DD0E-45EC-8156-96F8ADA04881}
	EndGlobalSection
EndGlobal
